{
  "name": "learnchain-cli",
  "version": "0.1.0",
  "lockfileVersion": 3,
  "requires": true,
  "packages": {
    "": {
      "name": "learnchain-cli",
      "version": "0.1.0",
      "hasInstallScript": true,
      "license": "MIT",
      "bin": {
        "learnchain": "dist/learnchain.js"
      },
      "engines": {
        "node": ">=16"
      }
    }
  }
}
